
Microsoft Visual Studio Solution File, Format Version 12.00
# Visual Studio Version 17
VisualStudioVersion = 17.1.32210.238
MinimumVisualStudioVersion = 10.0.40219.1
Project("{FAE04EC0-301F-11D3-BF4B-00C04F79EFBC}") = "Blazor_Server_Project.Server", "Blazor_Server_Project\Server\Blazor_Server_Project.Server.csproj", "{5797D7F5-7BE1-4D20-A730-310F5D8732FC}"
EndProject
Project("{FAE04EC0-301F-11D3-BF4B-00C04F79EFBC}") = "Blazor_Server_Project.Client", "Blazor_Server_Project\Client\Blazor_Server_Project.Client.csproj", "{E597B957-3DAB-4FD2-8405-80670F21B50F}"
EndProject
Project("{FAE04EC0-301F-11D3-BF4B-00C04F79EFBC}") = "Blazor_Server_Project.Shared", "Blazor_Server_Project\Shared\Blazor_Server_Project.Shared.csproj", "{458DB1DA-17E0-48D8-9C9C-CA31FCF6DF0B}"
EndProject
Global
	GlobalSection(SolutionConfigurationPlatforms) = preSolution
		Debug|Any CPU = Debug|Any CPU
		Release|Any CPU = Release|Any CPU
	EndGlobalSection
	GlobalSection(ProjectConfigurationPlatforms) = postSolution
		{5797D7F5-7BE1-4D20-A730-310F5D8732FC}.Debug|Any CPU.ActiveCfg = Debug|Any CPU
		{5797D7F5-7BE1-4D20-A730-310F5D8732FC}.Debug|Any CPU.Build.0 = Debug|Any CPU
		{5797D7F5-7BE1-4D20-A730-310F5D8732FC}.Release|Any CPU.ActiveCfg = Release|Any CPU
		{5797D7F5-7BE1-4D20-A730-310F5D8732FC}.Release|Any CPU.Build.0 = Release|Any CPU
		{E597B957-3DAB-4FD2-8405-80670F21B50F}.Debug|Any CPU.ActiveCfg = Debug|Any CPU
		{E597B957-3DAB-4FD2-8405-80670F21B50F}.Debug|Any CPU.Build.0 = Debug|Any CPU
		{E597B957-3DAB-4FD2-8405-80670F21B50F}.Release|Any CPU.ActiveCfg = Release|Any CPU
		{E597B957-3DAB-4FD2-8405-80670F21B50F}.Release|Any CPU.Build.0 = Release|Any CPU
		{458DB1DA-17E0-48D8-9C9C-CA31FCF6DF0B}.Debug|Any CPU.ActiveCfg = Debug|Any CPU
		{458DB1DA-17E0-48D8-9C9C-CA31FCF6DF0B}.Debug|Any CPU.Build.0 = Debug|Any CPU
		{458DB1DA-17E0-48D8-9C9C-CA31FCF6DF0B}.Release|Any CPU.ActiveCfg = Release|Any CPU
		{458DB1DA-17E0-48D8-9C9C-CA31FCF6DF0B}.Release|Any CPU.Build.0 = Release|Any CPU
	EndGlobalSection
	GlobalSection(SolutionProperties) = preSolution
		HideSolutionNode = FALSE
	EndGlobalSection
	GlobalSection(ExtensibilityGlobals) = postSolution
		SolutionGuid = {5B86B3F2-F57F-46AD-A689-78479B0977F4}
	EndGlobalSection
EndGlobal
